
Microsoft Visual Studio Solution File, Format Version 12.00
# Visual Studio 2012
Project("{F184B08F-C81C-45F6-A57F-5ABD9991F28F}") = "SignalR-for-VB.NET", "SignalR-for-VB.NET\SignalR-for-VB.NET.vbproj", "{35EA2FEC-0EDE-416F-9D85-26C83CC9D61C}"
EndProject
Global
	GlobalSection(SolutionConfigurationPlatforms) = preSolution
		Debug|Any CPU = Debug|Any CPU
		Release|Any CPU = Release|Any CPU
	EndGlobalSection
	GlobalSection(ProjectConfigurationPlatforms) = postSolution
		{35EA2FEC-0EDE-416F-9D85-26C83CC9D61C}.Debug|Any CPU.ActiveCfg = Debug|Any CPU
		{35EA2FEC-0EDE-416F-9D85-26C83CC9D61C}.Debug|Any CPU.Build.0 = Debug|Any CPU
		{35EA2FEC-0EDE-416F-9D85-26C83CC9D61C}.Release|Any CPU.ActiveCfg = Release|Any CPU
		{35EA2FEC-0EDE-416F-9D85-26C83CC9D61C}.Release|Any CPU.Build.0 = Release|Any CPU
	EndGlobalSection
	GlobalSection(SolutionProperties) = preSolution
		HideSolutionNode = FALSE
	EndGlobalSection
EndGlobal
